
Microsoft Visual Studio Solution File, Format Version 12.00
# Visual Studio Version 17
VisualStudioVersion = 17.0.31903.59
MinimumVisualStudioVersion = 10.0.40219.1
Project("{FAE04EC0-301F-11D3-BF4B-00C04F79EFBC}") = "Sample_Serilog", "Sample_Serilog\Sample_Serilog.csproj", "{085567BA-57FB-4DB2-833C-3952B83F298E}"
EndProject
Global
	GlobalSection(SolutionConfigurationPlatforms) = preSolution
		Debug|Any CPU = Debug|Any CPU
		Release|Any CPU = Release|Any CPU
	EndGlobalSection
	GlobalSection(ProjectConfigurationPlatforms) = postSolution
		{085567BA-57FB-4DB2-833C-3952B83F298E}.Debug|Any CPU.ActiveCfg = Debug|Any CPU
		{085567BA-57FB-4DB2-833C-3952B83F298E}.Debug|Any CPU.Build.0 = Debug|Any CPU
		{085567BA-57FB-4DB2-833C-3952B83F298E}.Release|Any CPU.ActiveCfg = Release|Any CPU
		{085567BA-57FB-4DB2-833C-3952B83F298E}.Release|Any CPU.Build.0 = Release|Any CPU
	EndGlobalSection
	GlobalSection(SolutionProperties) = preSolution
		HideSolutionNode = FALSE
	EndGlobalSection
	GlobalSection(ExtensibilityGlobals) = postSolution
		SolutionGuid = {C6E1C4D2-289F-427A-B58A-5AEB8A7ACC04}
	EndGlobalSection
EndGlobal
